
Microsoft Visual Studio Solution File, Format Version 12.00
# Visual Studio 2012
VisualStudioVersion = 12.0.21005.1
MinimumVisualStudioVersion = 10.0.40219.1
Project("{FAE04EC0-301F-11D3-BF4B-00C04F79EFBC}") = "Monitoring", "Monitoring\Monitoring.csproj", "{59D3D1E7-1A01-489B-A4C0-FB96639C46D2}"
EndProject
Project("{FAE04EC0-301F-11D3-BF4B-00C04F79EFBC}") = "Monitoring.Tests", "Monitoring.Tests\Monitoring.Tests.csproj", "{B057D1A5-DB44-405A-87B0-ACC8327D48C8}"
EndProject
Global
	GlobalSection(SolutionConfigurationPlatforms) = preSolution
		Debug|Any CPU = Debug|Any CPU
		Release|Any CPU = Release|Any CPU
	EndGlobalSection
	GlobalSection(ProjectConfigurationPlatforms) = postSolution
		{59D3D1E7-1A01-489B-A4C0-FB96639C46D2}.Debug|Any CPU.ActiveCfg = Debug|Any CPU
		{59D3D1E7-1A01-489B-A4C0-FB96639C46D2}.Debug|Any CPU.Build.0 = Debug|Any CPU
		{59D3D1E7-1A01-489B-A4C0-FB96639C46D2}.Release|Any CPU.ActiveCfg = Release|Any CPU
		{59D3D1E7-1A01-489B-A4C0-FB96639C46D2}.Release|Any CPU.Build.0 = Release|Any CPU
		{B057D1A5-DB44-405A-87B0-ACC8327D48C8}.Debug|Any CPU.ActiveCfg = Debug|Any CPU
		{B057D1A5-DB44-405A-87B0-ACC8327D48C8}.Debug|Any CPU.Build.0 = Debug|Any CPU
		{B057D1A5-DB44-405A-87B0-ACC8327D48C8}.Release|Any CPU.ActiveCfg = Release|Any CPU
		{B057D1A5-DB44-405A-87B0-ACC8327D48C8}.Release|Any CPU.Build.0 = Release|Any CPU
	EndGlobalSection
	GlobalSection(MonoDevelopProperties) = preSolution
		StartupItem = Monitoring\Monitoring.csproj
		Policies = $0
		$0.TextStylePolicy = $1
		$1.FileWidth = 120
		$1.TabsToSpaces = False
		$1.EolMarker = Unix
		$1.inheritsSet = VisualStudio
		$1.inheritsScope = text/plain
		$1.scope = text/plain
	EndGlobalSection
	GlobalSection(SolutionProperties) = preSolution
		HideSolutionNode = FALSE
	EndGlobalSection
EndGlobal
